
Microsoft Visual Studio Solution File, Format Version 12.00
# Visual Studio Version 17
VisualStudioVersion = 17.0.31903.59
MinimumVisualStudioVersion = 10.0.40219.1
Project("{9A19103F-16F7-4668-BE54-9A1E7A4F7556}") = "client", "client.csproj", "{84ACBAAE-5D7E-4563-A998-CDE6854B7BD4}"
EndProject
Project("{FAE04EC0-301F-11D3-BF4B-00C04F79EFBC}") = "ToggleTracker", "..\UI\ToggleTracker\ToggleTracker.csproj", "{11C52E82-B5FD-4EC5-BC6C-F6E132C0CD80}"
EndProject
Global
	GlobalSection(SolutionConfigurationPlatforms) = preSolution
		Debug|Any CPU = Debug|Any CPU
		Release|Any CPU = Release|Any CPU
	EndGlobalSection
	GlobalSection(ProjectConfigurationPlatforms) = postSolution
		{84ACBAAE-5D7E-4563-A998-CDE6854B7BD4}.Debug|Any CPU.ActiveCfg = Debug|Any CPU
		{84ACBAAE-5D7E-4563-A998-CDE6854B7BD4}.Debug|Any CPU.Build.0 = Debug|Any CPU
		{84ACBAAE-5D7E-4563-A998-CDE6854B7BD4}.Release|Any CPU.ActiveCfg = Release|Any CPU
		{84ACBAAE-5D7E-4563-A998-CDE6854B7BD4}.Release|Any CPU.Build.0 = Release|Any CPU
		{11C52E82-B5FD-4EC5-BC6C-F6E132C0CD80}.Debug|Any CPU.ActiveCfg = Debug|Any CPU
		{11C52E82-B5FD-4EC5-BC6C-F6E132C0CD80}.Debug|Any CPU.Build.0 = Debug|Any CPU
		{11C52E82-B5FD-4EC5-BC6C-F6E132C0CD80}.Release|Any CPU.ActiveCfg = Release|Any CPU
		{11C52E82-B5FD-4EC5-BC6C-F6E132C0CD80}.Release|Any CPU.Build.0 = Release|Any CPU
	EndGlobalSection
	GlobalSection(SolutionProperties) = preSolution
		HideSolutionNode = FALSE
	EndGlobalSection
	GlobalSection(ExtensibilityGlobals) = postSolution
		SolutionGuid = {42092F3F-FE11-4E4D-A6B8-E4A1A496223E}
	EndGlobalSection
EndGlobal
